<?xml version="1.0" encoding="utf-8"?>
<Project ToolsVersion="4.0" xmlns="http://schemas.microsoft.com/developer/msbuild/2003">
  <ItemGroup>
    <Filter Include="Source Files">
      <UniqueIdentifier>{7b6544b9-c39e-4e6a-b683-bdfb452b1f05}</UniqueIdentifier>
      <Extensions>cpp;c;cxx;def;odl;idl;hpj;bat;asm</Extensions>
    </Filter>
    <Filter Include="Header Files">
      <UniqueIdentifier>{84a85191-52d3-4f18-ab92-d85c9f264cbb}</UniqueIdentifier>
      <Extensions>h;hpp;hxx;hm;inl;inc</Extensions>
    </Filter>
    <Filter Include="Resource Files">
      <UniqueIdentifier>{d680e81e-34be-4b5b-8f1e-969e235c5b08}</UniqueIdentifier>
      <Extensions>rc;ico;cur;bmp;dlg;rc2;rct;bin;rgs;jpg;jpeg;jpe;manifest</Extensions>
    </Filter>
    <Filter Include="SkinLib">
      <UniqueIdentifier>{8a74b94c-4ec2-4444-8f4f-409282003308}</UniqueIdentifier>
    </Filter>
    <Filter Include="zlib1.2.11">
      <UniqueIdentifier>{0ab60101-87c3-41d9-982a-14abc79f17bd}</UniqueIdentifier>
    </Filter>
  </ItemGroup>
  <ItemGroup>
    <ClCompile Include="stdafx.cpp">
      <Filter>Source Files</Filter>
    </ClCompile>
    <ClCompile Include="Project.cpp">
      <Filter>Source Files</Filter>
    </ClCompile>
    <ClCompile Include="MainDlg.cpp">
      <Filter>Source Files</Filter>
    </ClCompile>
    <ClCompile Include="AboutDlg.cpp">
      <Filter>Source Files</Filter>
    </ClCompile>
    <ClCompile Include="SkinLib\SkinButton.cpp">
      <Filter>SkinLib</Filter>
    </ClCompile>
    <ClCompile Include="SkinLib\SkinComboBox.cpp">
      <Filter>SkinLib</Filter>
    </ClCompile>
    <ClCompile Include="SkinLib\SkinDialog.cpp">
      <Filter>SkinLib</Filter>
    </ClCompile>
    <ClCompile Include="SkinLib\SkinEdit.cpp">
      <Filter>SkinLib</Filter>
    </ClCompile>
    <ClCompile Include="SkinLib\SkinHyperLink.cpp">
      <Filter>SkinLib</Filter>
    </ClCompile>
    <ClCompile Include="SkinLib\SkinListCtrl.cpp">
      <Filter>SkinLib</Filter>
    </ClCompile>
    <ClCompile Include="SkinLib\SkinManager.cpp">
      <Filter>SkinLib</Filter>
    </ClCompile>
    <ClCompile Include="SkinLib\SkinMenu.cpp">
      <Filter>SkinLib</Filter>
    </ClCompile>
    <ClCompile Include="SkinLib\SkinMessageBox.cpp">
      <Filter>SkinLib</Filter>
    </ClCompile>
    <ClCompile Include="SkinLib\SkinPictureBox.cpp">
      <Filter>SkinLib</Filter>
    </ClCompile>
    <ClCompile Include="SkinLib\SkinRichEdit.cpp">
      <Filter>SkinLib</Filter>
    </ClCompile>
    <ClCompile Include="SkinLib\SkinScrollBar.cpp">
      <Filter>SkinLib</Filter>
    </ClCompile>
    <ClCompile Include="SkinLib\SkinStatic.cpp">
      <Filter>SkinLib</Filter>
    </ClCompile>
    <ClCompile Include="SkinLib\SkinTabCtrl.cpp">
      <Filter>SkinLib</Filter>
    </ClCompile>
    <ClCompile Include="SkinLib\SkinToolBar.cpp">
      <Filter>SkinLib</Filter>
    </ClCompile>
    <ClCompile Include="SkinLib\SkinWebBrowser.cpp">
      <Filter>SkinLib</Filter>
    </ClCompile>
    <ClCompile Include="XmlDocument.cpp">
      <Filter>Source Files</Filter>
    </ClCompile>
    <ClCompile Include="GifImage.cpp">
      <Filter>Source Files</Filter>
    </ClCompile>
    <ClCompile Include="Path.cpp">
      <Filter>Source Files</Filter>
    </ClCompile>
    <ClCompile Include="ImageEx.cpp">
      <Filter>Source Files</Filter>
    </ClCompile>
    <ClCompile Include="zlib1.2.11\adler32.c">
      <Filter>zlib1.2.11</Filter>
    </ClCompile>
    <ClCompile Include="zlib1.2.11\compress.c">
      <Filter>zlib1.2.11</Filter>
    </ClCompile>
    <ClCompile Include="zlib1.2.11\crc32.c">
      <Filter>zlib1.2.11</Filter>
    </ClCompile>
    <ClCompile Include="zlib1.2.11\deflate.c">
      <Filter>zlib1.2.11</Filter>
    </ClCompile>
    <ClCompile Include="zlib1.2.11\gzclose.c">
      <Filter>zlib1.2.11</Filter>
    </ClCompile>
    <ClCompile Include="zlib1.2.11\gzlib.c">
      <Filter>zlib1.2.11</Filter>
    </ClCompile>
    <ClCompile Include="zlib1.2.11\gzread.c">
      <Filter>zlib1.2.11</Filter>
    </ClCompile>
    <ClCompile Include="zlib1.2.11\gzwrite.c">
      <Filter>zlib1.2.11</Filter>
    </ClCompile>
    <ClCompile Include="zlib1.2.11\infback.c">
      <Filter>zlib1.2.11</Filter>
    </ClCompile>
    <ClCompile Include="zlib1.2.11\inffast.c">
      <Filter>zlib1.2.11</Filter>
    </ClCompile>
    <ClCompile Include="zlib1.2.11\inflate.c">
      <Filter>zlib1.2.11</Filter>
    </ClCompile>
    <ClCompile Include="zlib1.2.11\inftrees.c">
      <Filter>zlib1.2.11</Filter>
    </ClCompile>
    <ClCompile Include="zlib1.2.11\trees.c">
      <Filter>zlib1.2.11</Filter>
    </ClCompile>
    <ClCompile Include="zlib1.2.11\uncompr.c">
      <Filter>zlib1.2.11</Filter>
    </ClCompile>
    <ClCompile Include="zlib1.2.11\zlibdemo.c">
      <Filter>zlib1.2.11</Filter>
    </ClCompile>
    <ClCompile Include="zlib1.2.11\zutil.c">
      <Filter>zlib1.2.11</Filter>
    </ClCompile>
    <ClCompile Include="RichEditUtil.cpp">
      <Filter>Source Files</Filter>
    </ClCompile>
    <ClCompile Include="File.cpp">
      <Filter>Source Files</Filter>
    </ClCompile>
    <ClCompile Include="Utils.cpp">
      <Filter>Source Files</Filter>
    </ClCompile>
    <ClCompile Include="TrayIcon.cpp">
      <Filter>Source Files</Filter>
    </ClCompile>
    <ClCompile Include="MsgTipDlg.cpp">
      <Filter>Source Files</Filter>
    </ClCompile>
    <ClCompile Include="LeftPanListCtrl.cpp">
      <Filter>Source Files</Filter>
    </ClCompile>
    <ClCompile Include="MCIPlayer.cpp">
      <Filter>Source Files</Filter>
    </ClCompile>
  </ItemGroup>
  <ItemGroup>
    <ClInclude Include="stdafx.h">
      <Filter>Header Files</Filter>
    </ClInclude>
    <ClInclude Include="MainDlg.h">
      <Filter>Header Files</Filter>
    </ClInclude>
    <ClInclude Include="AboutDlg.h">
      <Filter>Header Files</Filter>
    </ClInclude>
    <ClInclude Include="resource.h">
      <Filter>Header Files</Filter>
    </ClInclude>
    <ClInclude Include="SkinLib\SkinButton.h">
      <Filter>SkinLib</Filter>
    </ClInclude>
    <ClInclude Include="SkinLib\SkinComboBox.h">
      <Filter>SkinLib</Filter>
    </ClInclude>
    <ClInclude Include="SkinLib\SkinDialog.h">
      <Filter>SkinLib</Filter>
    </ClInclude>
    <ClInclude Include="SkinLib\SkinEdit.h">
      <Filter>SkinLib</Filter>
    </ClInclude>
    <ClInclude Include="SkinLib\SkinHyperLink.h">
      <Filter>SkinLib</Filter>
    </ClInclude>
    <ClInclude Include="SkinLib\SkinLib.h">
      <Filter>SkinLib</Filter>
    </ClInclude>
    <ClInclude Include="SkinLib\SkinListCtrl.h">
      <Filter>SkinLib</Filter>
    </ClInclude>
    <ClInclude Include="SkinLib\SkinManager.h">
      <Filter>SkinLib</Filter>
    </ClInclude>
    <ClInclude Include="SkinLib\SkinMenu.h">
      <Filter>SkinLib</Filter>
    </ClInclude>
    <ClInclude Include="SkinLib\SkinMessageBox.h">
      <Filter>SkinLib</Filter>
    </ClInclude>
    <ClInclude Include="SkinLib\SkinPictureBox.h">
      <Filter>SkinLib</Filter>
    </ClInclude>
    <ClInclude Include="SkinLib\SkinRichEdit.h">
      <Filter>SkinLib</Filter>
    </ClInclude>
    <ClInclude Include="SkinLib\SkinScrollBar.h">
      <Filter>SkinLib</Filter>
    </ClInclude>
    <ClInclude Include="SkinLib\SkinStatic.h">
      <Filter>SkinLib</Filter>
    </ClInclude>
    <ClInclude Include="SkinLib\SkinTabCtrl.h">
      <Filter>SkinLib</Filter>
    </ClInclude>
    <ClInclude Include="SkinLib\SkinToolBar.h">
      <Filter>SkinLib</Filter>
    </ClInclude>
    <ClInclude Include="SkinLib\SkinWebBrowser.h">
      <Filter>SkinLib</Filter>
    </ClInclude>
    <ClInclude Include="XmlDocument.h">
      <Filter>Source Files</Filter>
    </ClInclude>
    <ClInclude Include="GifImage.h">
      <Filter>Source Files</Filter>
    </ClInclude>
    <ClInclude Include="Path.h">
      <Filter>Source Files</Filter>
    </ClInclude>
    <ClInclude Include="ImageEx.h">
      <Filter>Source Files</Filter>
    </ClInclude>
    <ClInclude Include="zlib1.2.11\crc32.h">
      <Filter>zlib1.2.11</Filter>
    </ClInclude>
    <ClInclude Include="zlib1.2.11\deflate.h">
      <Filter>zlib1.2.11</Filter>
    </ClInclude>
    <ClInclude Include="zlib1.2.11\gzguts.h">
      <Filter>zlib1.2.11</Filter>
    </ClInclude>
    <ClInclude Include="zlib1.2.11\inffast.h">
      <Filter>zlib1.2.11</Filter>
    </ClInclude>
    <ClInclude Include="zlib1.2.11\inffixed.h">
      <Filter>zlib1.2.11</Filter>
    </ClInclude>
    <ClInclude Include="zlib1.2.11\inflate.h">
      <Filter>zlib1.2.11</Filter>
    </ClInclude>
    <ClInclude Include="zlib1.2.11\inftrees.h">
      <Filter>zlib1.2.11</Filter>
    </ClInclude>
    <ClInclude Include="zlib1.2.11\trees.h">
      <Filter>zlib1.2.11</Filter>
    </ClInclude>
    <ClInclude Include="zlib1.2.11\zconf.h">
      <Filter>zlib1.2.11</Filter>
    </ClInclude>
    <ClInclude Include="zlib1.2.11\zlib.h">
      <Filter>zlib1.2.11</Filter>
    </ClInclude>
    <ClInclude Include="zlib1.2.11\zutil.h">
      <Filter>zlib1.2.11</Filter>
    </ClInclude>
    <ClInclude Include="RichEditUtil.h">
      <Filter>Source Files</Filter>
    </ClInclude>
    <ClInclude Include="IImageOle.h">
      <Filter>Source Files</Filter>
    </ClInclude>
    <ClInclude Include="File.h">
      <Filter>Header Files</Filter>
    </ClInclude>
    <ClInclude Include="Utils.h">
      <Filter>Header Files</Filter>
    </ClInclude>
    <ClInclude Include="TrayIcon.h">
      <Filter>Source Files</Filter>
    </ClInclude>
    <ClInclude Include="CustomMsgDef.h">
      <Filter>Source Files</Filter>
    </ClInclude>
    <ClInclude Include="MsgTipDlg.h">
      <Filter>Source Files</Filter>
    </ClInclude>
    <ClInclude Include="LeftPanListCtrl.h">
      <Filter>Source Files</Filter>
    </ClInclude>
    <ClInclude Include="MCIPlayer.h">
      <Filter>Header Files</Filter>
    </ClInclude>
  </ItemGroup>
  <ItemGroup>
    <ResourceCompile Include="Project.rc">
      <Filter>Resource Files</Filter>
    </ResourceCompile>
  </ItemGroup>
  <ItemGroup>
    <Image Include="res\Project.ico">
      <Filter>Resource Files</Filter>
    </Image>
  </ItemGroup>
  <ItemGroup>
    <Text Include="zlib1.2.11\文件概览.txt">
      <Filter>zlib1.2.11</Filter>
    </Text>
  </ItemGroup>
</Project>